
Microsoft Visual Studio Solution File, Format Version 12.00
# Visual Studio 14
VisualStudioVersion = 14.0.23107.0
MinimumVisualStudioVersion = 10.0.40219.1
Project("{FAE04EC0-301F-11D3-BF4B-00C04F79EFBC}") = "Client", "projekt_Auktionshuset\Client.csproj", "{851FDE2F-463B-4B22-B5D0-90B43DC90ED8}"
	ProjectSection(ProjectDependencies) = postProject
		{43D6B98A-6843-4AC4-9CEF-62AAA40720B9} = {43D6B98A-6843-4AC4-9CEF-62AAA40720B9}
	EndProjectSection
EndProject
Project("{FAE04EC0-301F-11D3-BF4B-00C04F79EFBC}") = "Server", "Server\Server.csproj", "{43D6B98A-6843-4AC4-9CEF-62AAA40720B9}"
EndProject
Global
	GlobalSection(SolutionConfigurationPlatforms) = preSolution
		Debug|Any CPU = Debug|Any CPU
		Release|Any CPU = Release|Any CPU
	EndGlobalSection
	GlobalSection(ProjectConfigurationPlatforms) = postSolution
		{851FDE2F-463B-4B22-B5D0-90B43DC90ED8}.Debug|Any CPU.ActiveCfg = Debug|Any CPU
		{851FDE2F-463B-4B22-B5D0-90B43DC90ED8}.Debug|Any CPU.Build.0 = Debug|Any CPU
		{851FDE2F-463B-4B22-B5D0-90B43DC90ED8}.Release|Any CPU.ActiveCfg = Release|Any CPU
		{851FDE2F-463B-4B22-B5D0-90B43DC90ED8}.Release|Any CPU.Build.0 = Release|Any CPU
		{43D6B98A-6843-4AC4-9CEF-62AAA40720B9}.Debug|Any CPU.ActiveCfg = Debug|Any CPU
		{43D6B98A-6843-4AC4-9CEF-62AAA40720B9}.Debug|Any CPU.Build.0 = Debug|Any CPU
		{43D6B98A-6843-4AC4-9CEF-62AAA40720B9}.Release|Any CPU.ActiveCfg = Release|Any CPU
		{43D6B98A-6843-4AC4-9CEF-62AAA40720B9}.Release|Any CPU.Build.0 = Release|Any CPU
	EndGlobalSection
	GlobalSection(SolutionProperties) = preSolution
		HideSolutionNode = FALSE
	EndGlobalSection
EndGlobal
